<?xml version="1.0" encoding="UTF-8"?>
<CodeBlocks_project_file>
	<FileVersion major="1" minor="6"/>
	<Project>
		<Option title="cc_occ"/>
		<Option makefile_is_custom="1"/>
		<Option compiler="gcc"/>
		<Option virtualFolders="CMake Files\;"/>
		<Build>
			<Target title="all">
				<Option working_dir="/home/zhengzhiwei/db_impl_course"/>
				<Option type="4"/>
				<MakeCommands>
					<Build command="/usr/bin/gmake -f &quot;/home/zhengzhiwei/db_impl_course/Makefile&quot;  VERBOSE=1 all"/>
					<CompileFile command="/usr/bin/gmake -f &quot;/home/zhengzhiwei/db_impl_course/Makefile&quot;  VERBOSE=1 &quot;$file&quot;"/>
					<Clean command="/usr/bin/gmake -f &quot;/home/zhengzhiwei/db_impl_course/Makefile&quot;  VERBOSE=1 clean"/>
					<DistClean command="/usr/bin/gmake -f &quot;/home/zhengzhiwei/db_impl_course/Makefile&quot;  VERBOSE=1 clean"/>
				</MakeCommands>
			</Target>
			<Target title="cc_occ">
				<Option output="/home/zhengzhiwei/db_impl_course/cc_occ" prefix_auto="0" extension_auto="0"/>
				<Option working_dir="/home/zhengzhiwei/db_impl_course"/>
				<Option object_output="./"/>
				<Option type="1"/>
				<Option compiler="gcc"/>
				<Compiler/>
				<MakeCommands>
					<Build command="/usr/bin/gmake -f &quot;/home/zhengzhiwei/db_impl_course/Makefile&quot;  VERBOSE=1 cc_occ"/>
					<CompileFile command="/usr/bin/gmake -f &quot;/home/zhengzhiwei/db_impl_course/Makefile&quot;  VERBOSE=1 &quot;$file&quot;"/>
					<Clean command="/usr/bin/gmake -f &quot;/home/zhengzhiwei/db_impl_course/Makefile&quot;  VERBOSE=1 clean"/>
					<DistClean command="/usr/bin/gmake -f &quot;/home/zhengzhiwei/db_impl_course/Makefile&quot;  VERBOSE=1 clean"/>
				</MakeCommands>
			</Target>
			<Target title="cc_occ/fast">
				<Option output="/home/zhengzhiwei/db_impl_course/cc_occ" prefix_auto="0" extension_auto="0"/>
				<Option working_dir="/home/zhengzhiwei/db_impl_course"/>
				<Option object_output="./"/>
				<Option type="1"/>
				<Option compiler="gcc"/>
				<Compiler/>
				<MakeCommands>
					<Build command="/usr/bin/gmake -f &quot;/home/zhengzhiwei/db_impl_course/Makefile&quot;  VERBOSE=1 cc_occ/fast"/>
					<CompileFile command="/usr/bin/gmake -f &quot;/home/zhengzhiwei/db_impl_course/Makefile&quot;  VERBOSE=1 &quot;$file&quot;"/>
					<Clean command="/usr/bin/gmake -f &quot;/home/zhengzhiwei/db_impl_course/Makefile&quot;  VERBOSE=1 clean"/>
					<DistClean command="/usr/bin/gmake -f &quot;/home/zhengzhiwei/db_impl_course/Makefile&quot;  VERBOSE=1 clean"/>
				</MakeCommands>
			</Target>
			<Target title="edit_cache">
				<Option working_dir="/home/zhengzhiwei/db_impl_course"/>
				<Option type="4"/>
				<MakeCommands>
					<Build command="/usr/bin/gmake -f &quot;/home/zhengzhiwei/db_impl_course/Makefile&quot;  VERBOSE=1 edit_cache"/>
					<CompileFile command="/usr/bin/gmake -f &quot;/home/zhengzhiwei/db_impl_course/Makefile&quot;  VERBOSE=1 &quot;$file&quot;"/>
					<Clean command="/usr/bin/gmake -f &quot;/home/zhengzhiwei/db_impl_course/Makefile&quot;  VERBOSE=1 clean"/>
					<DistClean command="/usr/bin/gmake -f &quot;/home/zhengzhiwei/db_impl_course/Makefile&quot;  VERBOSE=1 clean"/>
				</MakeCommands>
			</Target>
			<Target title="rebuild_cache">
				<Option working_dir="/home/zhengzhiwei/db_impl_course"/>
				<Option type="4"/>
				<MakeCommands>
					<Build command="/usr/bin/gmake -f &quot;/home/zhengzhiwei/db_impl_course/Makefile&quot;  VERBOSE=1 rebuild_cache"/>
					<CompileFile command="/usr/bin/gmake -f &quot;/home/zhengzhiwei/db_impl_course/Makefile&quot;  VERBOSE=1 &quot;$file&quot;"/>
					<Clean command="/usr/bin/gmake -f &quot;/home/zhengzhiwei/db_impl_course/Makefile&quot;  VERBOSE=1 clean"/>
					<DistClean command="/usr/bin/gmake -f &quot;/home/zhengzhiwei/db_impl_course/Makefile&quot;  VERBOSE=1 clean"/>
				</MakeCommands>
			</Target>
		</Build>
		<Unit filename="/home/zhengzhiwei/db_impl_course/cc_occ.cpp">
			<Option target="cc_occ"/>
		</Unit>
		<Unit filename="/home/zhengzhiwei/db_impl_course/cc_occ.h">
			<Option target="cc_occ"/>
		</Unit>
		<Unit filename="/home/zhengzhiwei/db_impl_course/data_occ.cpp">
			<Option target="cc_occ"/>
		</Unit>
		<Unit filename="/home/zhengzhiwei/db_impl_course/data_occ.h">
			<Option target="cc_occ"/>
		</Unit>
		<Unit filename="/home/zhengzhiwei/db_impl_course/main.cpp">
			<Option target="cc_occ"/>
		</Unit>
		<Unit filename="/home/zhengzhiwei/db_impl_course/CMakeLists.txt">
			<Option virtualFolder="CMake Files\"/>
		</Unit>
	</Project>
</CodeBlocks_project_file>
